
Microsoft Visual Studio Solution File, Format Version 12.00
# Visual Studio Version 16
VisualStudioVersion = 16.0.29728.190
MinimumVisualStudioVersion = 10.0.40219.1
Project("{9A19103F-16F7-4668-BE54-9A1E7A4F7556}") = "SMN", "SMN\SMN.csproj", "{6904ED6F-1549-4BC6-ADE9-EB1AA82A2F8C}"
EndProject
Project("{FAE04EC0-301F-11D3-BF4B-00C04F79EFBC}") = "SmnTest", "SmnTest\SmnTest.csproj", "{F91E9E88-A408-4912-89F1-7854ACF2FBDF}"
EndProject
Global
	GlobalSection(SolutionConfigurationPlatforms) = preSolution
		Debug|Any CPU = Debug|Any CPU
		Release|Any CPU = Release|Any CPU
	EndGlobalSection
	GlobalSection(ProjectConfigurationPlatforms) = postSolution
		{6904ED6F-1549-4BC6-ADE9-EB1AA82A2F8C}.Debug|Any CPU.ActiveCfg = Debug|Any CPU
		{6904ED6F-1549-4BC6-ADE9-EB1AA82A2F8C}.Debug|Any CPU.Build.0 = Debug|Any CPU
		{6904ED6F-1549-4BC6-ADE9-EB1AA82A2F8C}.Release|Any CPU.ActiveCfg = Release|Any CPU
		{6904ED6F-1549-4BC6-ADE9-EB1AA82A2F8C}.Release|Any CPU.Build.0 = Release|Any CPU
		{F91E9E88-A408-4912-89F1-7854ACF2FBDF}.Debug|Any CPU.ActiveCfg = Debug|Any CPU
		{F91E9E88-A408-4912-89F1-7854ACF2FBDF}.Debug|Any CPU.Build.0 = Debug|Any CPU
		{F91E9E88-A408-4912-89F1-7854ACF2FBDF}.Release|Any CPU.ActiveCfg = Release|Any CPU
		{F91E9E88-A408-4912-89F1-7854ACF2FBDF}.Release|Any CPU.Build.0 = Release|Any CPU
	EndGlobalSection
	GlobalSection(SolutionProperties) = preSolution
		HideSolutionNode = FALSE
	EndGlobalSection
	GlobalSection(ExtensibilityGlobals) = postSolution
		SolutionGuid = {3F4CAEB7-B35E-45BC-A1AD-946DDEF0E197}
	EndGlobalSection
EndGlobal
